// !$*UTF8*$!
{
	archiveVersion = 1;
	classes = {
	};
	objectVersion = 46;
	objects = {

/* Begin PBXBuildFile section */
		69B55CF4197076A300E001D3 /* AppDelegate.swift in Sources */ = {isa = PBXBuildFile; fileRef = 69B55CF3197076A300E001D3 /* AppDelegate.swift */; };
		69B55CF6197076A300E001D3 /* ViewController.swift in Sources */ = {isa = PBXBuildFile; fileRef = 69B55CF5197076A300E001D3 /* ViewController.swift */; };
		69B55CF9197076A300E001D3 /* Main.storyboard in Resources */ = {isa = PBXBuildFile; fileRef = 69B55CF7197076A300E001D3 /* Main.storyboard */; };
		69B55CFB197076A300E001D3 /* Images.xcassets in Resources */ = {isa = PBXBuildFile; fileRef = 69B55CFA197076A300E001D3 /* Images.xcassets */; };
		69D0E9271970F34400206BAE /* DoorwayAnimationController.swift in Sources */ = {isa = PBXBuildFile; fileRef = 69D0E9261970F34400206BAE /* DoorwayAnimationController.swift */; };
		69D0E9291970F3F900206BAE /* ReflectionView.swift in Sources */ = {isa = PBXBuildFile; fileRef = 69D0E9281970F3F900206BAE /* ReflectionView.swift */; };
		69D0E92B1971052100206BAE /* DropAnimationController.swift in Sources */ = {isa = PBXBuildFile; fileRef = 69D0E92A1971052100206BAE /* DropAnimationController.swift */; };
		69E2550F1970C41F0084A73C /* SelectedViewController.swift in Sources */ = {isa = PBXBuildFile; fileRef = 69E2550E1970C41F0084A73C /* SelectedViewController.swift */; };
		69E255111970C8250084A73C /* AnimationController.swift in Sources */ = {isa = PBXBuildFile; fileRef = 69E255101970C8250084A73C /* AnimationController.swift */; };
		69E255131970CB4A0084A73C /* CubeAnimationController.swift in Sources */ = {isa = PBXBuildFile; fileRef = 69E255121970CB4A0084A73C /* CubeAnimationController.swift */; };
/* End PBXBuildFile section */

/* Begin PBXFileReference section */
		69B55CEE197076A300E001D3 /* SwiftTransitions.app */ = {isa = PBXFileReference; explicitFileType = wrapper.application; includeInIndex = 0; path = SwiftTransitions.app; sourceTree = BUILT_PRODUCTS_DIR; };
		69B55CF2197076A300E001D3 /* Info.plist */ = {isa = PBXFileReference; lastKnownFileType = text.plist.xml; path = Info.plist; sourceTree = "<group>"; };
		69B55CF3197076A300E001D3 /* AppDelegate.swift */ = {isa = PBXFileReference; lastKnownFileType = sourcecode.swift; path = AppDelegate.swift; sourceTree = "<group>"; };
		69B55CF5197076A300E001D3 /* ViewController.swift */ = {isa = PBXFileReference; lastKnownFileType = sourcecode.swift; path = ViewController.swift; sourceTree = "<group>"; };
		69B55CF8197076A300E001D3 /* Base */ = {isa = PBXFileReference; lastKnownFileType = file.storyboard; name = Base; path = Base.lproj/Main.storyboard; sourceTree = "<group>"; };
		69B55CFA197076A300E001D3 /* Images.xcassets */ = {isa = PBXFileReference; lastKnownFileType = folder.assetcatalog; path = Images.xcassets; sourceTree = "<group>"; };
		69D0E9261970F34400206BAE /* DoorwayAnimationController.swift */ = {isa = PBXFileReference; fileEncoding = 4; lastKnownFileType = sourcecode.swift; path = DoorwayAnimationController.swift; sourceTree = "<group>"; };
		69D0E9281970F3F900206BAE /* ReflectionView.swift */ = {isa = PBXFileReference; fileEncoding = 4; lastKnownFileType = sourcecode.swift; path = ReflectionView.swift; sourceTree = "<group>"; };
		69D0E92A1971052100206BAE /* DropAnimationController.swift */ = {isa = PBXFileReference; fileEncoding = 4; lastKnownFileType = sourcecode.swift; path = DropAnimationController.swift; sourceTree = "<group>"; };
		69E2550E1970C41F0084A73C /* SelectedViewController.swift */ = {isa = PBXFileReference; fileEncoding = 4; lastKnownFileType = sourcecode.swift; path = SelectedViewController.swift; sourceTree = "<group>"; };
		69E255101970C8250084A73C /* AnimationController.swift */ = {isa = PBXFileReference; fileEncoding = 4; lastKnownFileType = sourcecode.swift; path = AnimationController.swift; sourceTree = "<group>"; };
		69E255121970CB4A0084A73C /* CubeAnimationController.swift */ = {isa = PBXFileReference; fileEncoding = 4; lastKnownFileType = sourcecode.swift; path = CubeAnimationController.swift; sourceTree = "<group>"; };
/* End PBXFileReference section */

/* Begin PBXFrameworksBuildPhase section */
		69B55CEB197076A300E001D3 /* Frameworks */ = {
			isa = PBXFrameworksBuildPhase;
			buildActionMask = 2147483647;
			files = (
			);
			runOnlyForDeploymentPostprocessing = 0;
		};
/* End PBXFrameworksBuildPhase section */

/* Begin PBXGroup section */
		6956AC121971F98700781E67 /* viewControllers */ = {
			isa = PBXGroup;
			children = (
				69B55CF5197076A300E001D3 /* ViewController.swift */,
				69E2550E1970C41F0084A73C /* SelectedViewController.swift */,
			);
			name = viewControllers;
			sourceTree = "<group>";
		};
		6956AC131971F99100781E67 /* animationControllers */ = {
			isa = PBXGroup;
			children = (
				69E255101970C8250084A73C /* AnimationController.swift */,
				69E255121970CB4A0084A73C /* CubeAnimationController.swift */,
				69D0E9261970F34400206BAE /* DoorwayAnimationController.swift */,
				69D0E92A1971052100206BAE /* DropAnimationController.swift */,
			);
			name = animationControllers;
			sourceTree = "<group>";
		};
		6956AC141971F9A100781E67 /* views */ = {
			isa = PBXGroup;
			children = (
				69D0E9281970F3F900206BAE /* ReflectionView.swift */,
			);
			name = views;
			sourceTree = "<group>";
		};
		6956AC151971F9AF00781E67 /* Classes */ = {
			isa = PBXGroup;
			children = (
				69B55CF3197076A300E001D3 /* AppDelegate.swift */,
				6956AC121971F98700781E67 /* viewControllers */,
				6956AC131971F99100781E67 /* animationControllers */,
				6956AC141971F9A100781E67 /* views */,
			);
			name = Classes;
			sourceTree = "<group>";
		};
		6956AC161971F9B900781E67 /* Resources */ = {
			isa = PBXGroup;
			children = (
				69B55CF7197076A300E001D3 /* Main.storyboard */,
				69B55CFA197076A300E001D3 /* Images.xcassets */,
			);
			name = Resources;
			sourceTree = "<group>";
		};
		69B55CE5197076A300E001D3 = {
			isa = PBXGroup;
			children = (
				69B55CF0197076A300E001D3 /* SwiftTransitions */,
				69B55CEF197076A300E001D3 /* Products */,
			);
			sourceTree = "<group>";
		};
		69B55CEF197076A300E001D3 /* Products */ = {
			isa = PBXGroup;
			children = (
				69B55CEE197076A300E001D3 /* SwiftTransitions.app */,
			);
			name = Products;
			sourceTree = "<group>";
		};
		69B55CF0197076A300E001D3 /* SwiftTransitions */ = {
			isa = PBXGroup;
			children = (
				6956AC151971F9AF00781E67 /* Classes */,
				6956AC161971F9B900781E67 /* Resources */,
				69B55CF1197076A300E001D3 /* Supporting Files */,
			);
			path = SwiftTransitions;
			sourceTree = "<group>";
		};
		69B55CF1197076A300E001D3 /* Supporting Files */ = {
			isa = PBXGroup;
			children = (
				69B55CF2197076A300E001D3 /* Info.plist */,
			);
			name = "Supporting Files";
			sourceTree = "<group>";
		};
/* End PBXGroup section */

/* Begin PBXNativeTarget section */
		69B55CED197076A300E001D3 /* SwiftTransitions */ = {
			isa = PBXNativeTarget;
			buildConfigurationList = 69B55D0A197076A300E001D3 /* Build configuration list for PBXNativeTarget "SwiftTransitions" */;
			buildPhases = (
				69B55CEA197076A300E001D3 /* Sources */,
				69B55CEB197076A300E001D3 /* Frameworks */,
				69B55CEC197076A300E001D3 /* Resources */,
			);
			buildRules = (
			);
			dependencies = (
			);
			name = SwiftTransitions;
			productName = SwiftTransitions;
			productReference = 69B55CEE197076A300E001D3 /* SwiftTransitions.app */;
			productType = "com.apple.product-type.application";
		};
/* End PBXNativeTarget section */

/* Begin PBXProject section */
		69B55CE6197076A300E001D3 /* Project object */ = {
			isa = PBXProject;
			attributes = {
				LastSwiftMigration = 0710;
				LastSwiftUpdateCheck = 0710;
				LastUpgradeCheck = 0710;
				ORGANIZATIONNAME = "phi & co.";
				TargetAttributes = {
					69B55CED197076A300E001D3 = {
						CreatedOnToolsVersion = 6.0;
					};
				};
			};
			buildConfigurationList = 69B55CE9197076A300E001D3 /* Build configuration list for PBXProject "SwiftTransitions" */;
			compatibilityVersion = "Xcode 3.2";
			developmentRegion = English;
			hasScannedForEncodings = 0;
			knownRegions = (
				en,
				Base,
			);
			mainGroup = 69B55CE5197076A300E001D3;
			productRefGroup = 69B55CEF197076A300E001D3 /* Products */;
			projectDirPath = "";
			projectRoot = "";
			targets = (
				69B55CED197076A300E001D3 /* SwiftTransitions */,
			);
		};
/* End PBXProject section */

/* Begin PBXResourcesBuildPhase section */
		69B55CEC197076A300E001D3 /* Resources */ = {
			isa = PBXResourcesBuildPhase;
			buildActionMask = 2147483647;
			files = (
				69B55CF9197076A300E001D3 /* Main.storyboard in Resources */,
				69B55CFB197076A300E001D3 /* Images.xcassets in Resources */,
			);
			runOnlyForDeploymentPostprocessing = 0;
		};
/* End PBXResourcesBuildPhase section */

/* Begin PBXSourcesBuildPhase section */
		69B55CEA197076A300E001D3 /* Sources */ = {
			isa = PBXSourcesBuildPhase;
			buildActionMask = 2147483647;
			files = (
				69E255111970C8250084A73C /* AnimationController.swift in Sources */,
				69D0E92B1971052100206BAE /* DropAnimationController.swift in Sources */,
				69D0E9291970F3F900206BAE /* ReflectionView.swift in Sources */,
				69B55CF6197076A300E001D3 /* ViewController.swift in Sources */,
				69E255131970CB4A0084A73C /* CubeAnimationController.swift in Sources */,
				69E2550F1970C41F0084A73C /* SelectedViewController.swift in Sources */,
				69D0E9271970F34400206BAE /* DoorwayAnimationController.swift in Sources */,
				69B55CF4197076A300E001D3 /* AppDelegate.swift in Sources */,
			);
			runOnlyForDeploymentPostprocessing = 0;
		};
/* End PBXSourcesBuildPhase section */

/* Begin PBXVariantGroup section */
		69B55CF7197076A300E001D3 /* Main.storyboard */ = {
			isa = PBXVariantGroup;
			children = (
				69B55CF8197076A300E001D3 /* Base */,
			);
			name = Main.storyboard;
			sourceTree = "<group>";
		};
/* End PBXVariantGroup section */

/* Begin XCBuildConfiguration section */
		69B55D08197076A300E001D3 /* Debug */ = {
			isa = XCBuildConfiguration;
			buildSettings = {
				ALWAYS_SEARCH_USER_PATHS = NO;
				CLANG_CXX_LANGUAGE_STANDARD = "gnu++0x";
				CLANG_CXX_LIBRARY = "libc++";
				CLANG_ENABLE_MODULES = YES;
				CLANG_ENABLE_OBJC_ARC = YES;
				CLANG_WARN_BOOL_CONVERSION = YES;
				CLANG_WARN_CONSTANT_CONVERSION = YES;
				CLANG_WARN_DIRECT_OBJC_ISA_USAGE = YES_ERROR;
				CLANG_WARN_EMPTY_BODY = YES;
				CLANG_WARN_ENUM_CONVERSION = YES;
				CLANG_WARN_INT_CONVERSION = YES;
				CLANG_WARN_OBJC_ROOT_CLASS = YES_ERROR;
				CLANG_WARN_UNREACHABLE_CODE = YES;
				CLANG_WARN__DUPLICATE_METHOD_MATCH = YES;
				"CODE_SIGN_IDENTITY[sdk=iphoneos*]" = "iPhone Developer";
				COPY_PHASE_STRIP = NO;
				ENABLE_STRICT_OBJC_MSGSEND = YES;
				ENABLE_TESTABILITY = YES;
				GCC_C_LANGUAGE_STANDARD = gnu99;
				GCC_DYNAMIC_NO_PIC = NO;
				GCC_OPTIMIZATION_LEVEL = 0;
				GCC_PREPROCESSOR_DEFINITIONS = (
					"DEBUG=1",
					"$(inherited)",
				);
				GCC_SYMBOLS_PRIVATE_EXTERN = NO;
				GCC_WARN_64_TO_32_BIT_CONVERSION = YES;
				GCC_WARN_ABOUT_RETURN_TYPE = YES_ERROR;
				GCC_WARN_UNDECLARED_SELECTOR = YES;
				GCC_WARN_UNINITIALIZED_AUTOS = YES_AGGRESSIVE;
				GCC_WARN_UNUSED_FUNCTION = YES;
				GCC_WARN_UNUSED_VARIABLE = YES;
				IPHONEOS_DEPLOYMENT_TARGET = 8.0;
				MTL_ENABLE_DEBUG_INFO = YES;
				ONLY_ACTIVE_ARCH = YES;
				SDKROOT = iphoneos;
				SWIFT_OPTIMIZATION_LEVEL = "-Onone";
			};
			name = Debug;
		};
		69B55D09197076A300E001D3 /* Release */ = {
			isa = XCBuildConfiguration;
			buildSettings = {
				ALWAYS_SEARCH_USER_PATHS = NO;
				CLANG_CXX_LANGUAGE_STANDARD = "gnu++0x";
				CLANG_CXX_LIBRARY = "libc++";
				CLANG_ENABLE_MODULES = YES;
				CLANG_ENABLE_OBJC_ARC = YES;
				CLANG_WARN_BOOL_CONVERSION = YES;
				CLANG_WARN_CONSTANT_CONVERSION = YES;
				CLANG_WARN_DIRECT_OBJC_ISA_USAGE = YES_ERROR;
				CLANG_WARN_EMPTY_BODY = YES;
				CLANG_WARN_ENUM_CONVERSION = YES;
				CLANG_WARN_INT_CONVERSION = YES;
				CLANG_WARN_OBJC_ROOT_CLASS = YES_ERROR;
				CLANG_WARN_UNREACHABLE_CODE = YES;
				CLANG_WARN__DUPLICATE_METHOD_MATCH = YES;
				"CODE_SIGN_IDENTITY[sdk=iphoneos*]" = "iPhone Developer";
				COPY_PHASE_STRIP = YES;
				ENABLE_NS_ASSERTIONS = NO;
				ENABLE_STRICT_OBJC_MSGSEND = YES;
				GCC_C_LANGUAGE_STANDARD = gnu99;
				GCC_WARN_64_TO_32_BIT_CONVERSION = YES;
				GCC_WARN_ABOUT_RETURN_TYPE = YES_ERROR;
				GCC_WARN_UNDECLARED_SELECTOR = YES;
				GCC_WARN_UNINITIALIZED_AUTOS = YES_AGGRESSIVE;
				GCC_WARN_UNUSED_FUNCTION = YES;
				GCC_WARN_UNUSED_VARIABLE = YES;
				IPHONEOS_DEPLOYMENT_TARGET = 8.0;
				MTL_ENABLE_DEBUG_INFO = NO;
				SDKROOT = iphoneos;
				VALIDATE_PRODUCT = YES;
			};
			name = Release;
		};
		69B55D0B197076A300E001D3 /* Debug */ = {
			isa = XCBuildConfiguration;
			buildSettings = {
				ASSETCATALOG_COMPILER_APPICON_NAME = AppIcon;
				ASSETCATALOG_COMPILER_LAUNCHIMAGE_NAME = LaunchImage;
				INFOPLIST_FILE = SwiftTransitions/Info.plist;
				LD_RUNPATH_SEARCH_PATHS = "$(inherited) @executable_path/Frameworks";
				PRODUCT_BUNDLE_IDENTIFIER = "com.phiandco.${PRODUCT_NAME:rfc1034identifier}";
				PRODUCT_NAME = "$(TARGET_NAME)";
			};
			name = Debug;
		};
		69B55D0C197076A300E001D3 /* Release */ = {
			isa = XCBuildConfiguration;
			buildSettings = {
				ASSETCATALOG_COMPILER_APPICON_NAME = AppIcon;
				ASSETCATALOG_COMPILER_LAUNCHIMAGE_NAME = LaunchImage;
				INFOPLIST_FILE = SwiftTransitions/Info.plist;
				LD_RUNPATH_SEARCH_PATHS = "$(inherited) @executable_path/Frameworks";
				PRODUCT_BUNDLE_IDENTIFIER = "com.phiandco.${PRODUCT_NAME:rfc1034identifier}";
				PRODUCT_NAME = "$(TARGET_NAME)";
			};
			name = Release;
		};
/* End XCBuildConfiguration section */

/* Begin XCConfigurationList section */
		69B55CE9197076A300E001D3 /* Build configuration list for PBXProject "SwiftTransitions" */ = {
			isa = XCConfigurationList;
			buildConfigurations = (
				69B55D08197076A300E001D3 /* Debug */,
				69B55D09197076A300E001D3 /* Release */,
			);
			defaultConfigurationIsVisible = 0;
			defaultConfigurationName = Release;
		};
		69B55D0A197076A300E001D3 /* Build configuration list for PBXNativeTarget "SwiftTransitions" */ = {
			isa = XCConfigurationList;
			buildConfigurations = (
				69B55D0B197076A300E001D3 /* Debug */,
				69B55D0C197076A300E001D3 /* Release */,
			);
			defaultConfigurationIsVisible = 0;
			defaultConfigurationName = Release;
		};
/* End XCConfigurationList section */
	};
	rootObject = 69B55CE6197076A300E001D3 /* Project object */;
}
